
Microsoft Visual Studio Solution File, Format Version 12.00
# Visual Studio Version 16
VisualStudioVersion = 16.0.31515.178
MinimumVisualStudioVersion = 10.0.40219.1
Project("{FAE04EC0-301F-11D3-BF4B-00C04F79EFBC}") = "SharpLdapRelayScan", "SharpLdapRelayScan\SharpLdapRelayScan.csproj", "{A93EE706-A71C-4CC1-BF37-F26C27825B68}"
EndProject
Global
	GlobalSection(SolutionConfigurationPlatforms) = preSolution
		Debug|Any CPU = Debug|Any CPU
		Debug|x64 = Debug|x64
		Release|Any CPU = Release|Any CPU
		Release|x64 = Release|x64
	EndGlobalSection
	GlobalSection(ProjectConfigurationPlatforms) = postSolution
		{A93EE706-A71C-4CC1-BF37-F26C27825B68}.Debug|Any CPU.ActiveCfg = Debug|Any CPU
		{A93EE706-A71C-4CC1-BF37-F26C27825B68}.Debug|Any CPU.Build.0 = Debug|Any CPU
		{A93EE706-A71C-4CC1-BF37-F26C27825B68}.Debug|x64.ActiveCfg = Debug|x64
		{A93EE706-A71C-4CC1-BF37-F26C27825B68}.Debug|x64.Build.0 = Debug|x64
		{A93EE706-A71C-4CC1-BF37-F26C27825B68}.Release|Any CPU.ActiveCfg = Release|Any CPU
		{A93EE706-A71C-4CC1-BF37-F26C27825B68}.Release|Any CPU.Build.0 = Release|Any CPU
		{A93EE706-A71C-4CC1-BF37-F26C27825B68}.Release|x64.ActiveCfg = Release|Any CPU
		{A93EE706-A71C-4CC1-BF37-F26C27825B68}.Release|x64.Build.0 = Release|Any CPU
	EndGlobalSection
	GlobalSection(SolutionProperties) = preSolution
		HideSolutionNode = FALSE
	EndGlobalSection
	GlobalSection(ExtensibilityGlobals) = postSolution
		SolutionGuid = {17E672D2-39EE-4883-88D3-4FF7BAE18834}
	EndGlobalSection
EndGlobal
